// !$*UTF8*$!
{
	archiveVersion = 1;
	classes = {
	};
	objectVersion = 48;
	objects = {

/* Begin PBXBuildFile section */
		45236765208A7AF400C5A9A8 /* InfoHeader.swift in Sources */ = {isa = PBXBuildFile; fileRef = 45236764208A7AF400C5A9A8 /* InfoHeader.swift */; };
		45675A6820892A8500BBA213 /* AppDelegate.swift in Sources */ = {isa = PBXBuildFile; fileRef = 45675A6720892A8500BBA213 /* AppDelegate.swift */; };
		45675A6A20892A8500BBA213 /* BusinessScheduleViewController.swift in Sources */ = {isa = PBXBuildFile; fileRef = 45675A6920892A8500BBA213 /* BusinessScheduleViewController.swift */; };
		45675A6F20892A8500BBA213 /* Assets.xcassets in Resources */ = {isa = PBXBuildFile; fileRef = 45675A6E20892A8500BBA213 /* Assets.xcassets */; };
		45675A7220892A8500BBA213 /* LaunchScreen.storyboard in Resources */ = {isa = PBXBuildFile; fileRef = 45675A7020892A8500BBA213 /* LaunchScreen.storyboard */; };
		678472D0B245E785BF3CB908 /* Pods_BusinessCheduleTest.framework in Frameworks */ = {isa = PBXBuildFile; fileRef = BBD699B51F3BEDAF5117F8CD /* Pods_BusinessCheduleTest.framework */; };
/* End PBXBuildFile section */

/* Begin PBXFileReference section */
		45236764208A7AF400C5A9A8 /* InfoHeader.swift */ = {isa = PBXFileReference; lastKnownFileType = sourcecode.swift; path = InfoHeader.swift; sourceTree = "<group>"; };
		45675A6420892A8500BBA213 /* BusinessCheduleTest.app */ = {isa = PBXFileReference; explicitFileType = wrapper.application; includeInIndex = 0; path = BusinessCheduleTest.app; sourceTree = BUILT_PRODUCTS_DIR; };
		45675A6720892A8500BBA213 /* AppDelegate.swift */ = {isa = PBXFileReference; lastKnownFileType = sourcecode.swift; path = AppDelegate.swift; sourceTree = "<group>"; };
		45675A6920892A8500BBA213 /* BusinessScheduleViewController.swift */ = {isa = PBXFileReference; lastKnownFileType = sourcecode.swift; path = BusinessScheduleViewController.swift; sourceTree = "<group>"; };
		45675A6E20892A8500BBA213 /* Assets.xcassets */ = {isa = PBXFileReference; lastKnownFileType = folder.assetcatalog; path = Assets.xcassets; sourceTree = "<group>"; };
		45675A7120892A8500BBA213 /* Base */ = {isa = PBXFileReference; lastKnownFileType = file.storyboard; name = Base; path = Base.lproj/LaunchScreen.storyboard; sourceTree = "<group>"; };
		45675A7320892A8500BBA213 /* Info.plist */ = {isa = PBXFileReference; lastKnownFileType = text.plist.xml; path = Info.plist; sourceTree = "<group>"; };
		52D4CFAF01A09C46AC5E69F3 /* Pods-BusinessCheduleTest.debug.xcconfig */ = {isa = PBXFileReference; includeInIndex = 1; lastKnownFileType = text.xcconfig; name = "Pods-BusinessCheduleTest.debug.xcconfig"; path = "Pods/Target Support Files/Pods-BusinessCheduleTest/Pods-BusinessCheduleTest.debug.xcconfig"; sourceTree = "<group>"; };
		6E72D830C931E464F9C6BF0D /* Pods-BusinessCheduleTest.release.xcconfig */ = {isa = PBXFileReference; includeInIndex = 1; lastKnownFileType = text.xcconfig; name = "Pods-BusinessCheduleTest.release.xcconfig"; path = "Pods/Target Support Files/Pods-BusinessCheduleTest/Pods-BusinessCheduleTest.release.xcconfig"; sourceTree = "<group>"; };
		BBD699B51F3BEDAF5117F8CD /* Pods_BusinessCheduleTest.framework */ = {isa = PBXFileReference; explicitFileType = wrapper.framework; includeInIndex = 0; path = Pods_BusinessCheduleTest.framework; sourceTree = BUILT_PRODUCTS_DIR; };
/* End PBXFileReference section */

/* Begin PBXFrameworksBuildPhase section */
		45675A6120892A8500BBA213 /* Frameworks */ = {
			isa = PBXFrameworksBuildPhase;
			buildActionMask = 2147483647;
			files = (
				678472D0B245E785BF3CB908 /* Pods_BusinessCheduleTest.framework in Frameworks */,
			);
			runOnlyForDeploymentPostprocessing = 0;
		};
/* End PBXFrameworksBuildPhase section */

/* Begin PBXGroup section */
		2ACA80A3A18ADA59A2ACFB31 /* Pods */ = {
			isa = PBXGroup;
			children = (
				52D4CFAF01A09C46AC5E69F3 /* Pods-BusinessCheduleTest.debug.xcconfig */,
				6E72D830C931E464F9C6BF0D /* Pods-BusinessCheduleTest.release.xcconfig */,
			);
			name = Pods;
			sourceTree = "<group>";
		};
		44E56F5753A87975E41A91CF /* Frameworks */ = {
			isa = PBXGroup;
			children = (
				BBD699B51F3BEDAF5117F8CD /* Pods_BusinessCheduleTest.framework */,
			);
			name = Frameworks;
			sourceTree = "<group>";
		};
		45236760208A70A300C5A9A8 /* View */ = {
			isa = PBXGroup;
			children = (
				45675A6920892A8500BBA213 /* BusinessScheduleViewController.swift */,
				45236764208A7AF400C5A9A8 /* InfoHeader.swift */,
			);
			path = View;
			sourceTree = "<group>";
		};
		45236761208A70B300C5A9A8 /* Resources */ = {
			isa = PBXGroup;
			children = (
				45675A6E20892A8500BBA213 /* Assets.xcassets */,
				45675A7320892A8500BBA213 /* Info.plist */,
			);
			path = Resources;
			sourceTree = "<group>";
		};
		45675A5B20892A8400BBA213 = {
			isa = PBXGroup;
			children = (
				45675A6620892A8500BBA213 /* BusinessCheduleTest */,
				45675A6520892A8500BBA213 /* Products */,
				2ACA80A3A18ADA59A2ACFB31 /* Pods */,
				44E56F5753A87975E41A91CF /* Frameworks */,
			);
			sourceTree = "<group>";
		};
		45675A6520892A8500BBA213 /* Products */ = {
			isa = PBXGroup;
			children = (
				45675A6420892A8500BBA213 /* BusinessCheduleTest.app */,
			);
			name = Products;
			sourceTree = "<group>";
		};
		45675A6620892A8500BBA213 /* BusinessCheduleTest */ = {
			isa = PBXGroup;
			children = (
				45675A7020892A8500BBA213 /* LaunchScreen.storyboard */,
				45236761208A70B300C5A9A8 /* Resources */,
				45236760208A70A300C5A9A8 /* View */,
				45675A6720892A8500BBA213 /* AppDelegate.swift */,
			);
			path = BusinessCheduleTest;
			sourceTree = "<group>";
		};
/* End PBXGroup section */

/* Begin PBXNativeTarget section */
		45675A6320892A8500BBA213 /* BusinessCheduleTest */ = {
			isa = PBXNativeTarget;
			buildConfigurationList = 45675A7620892A8500BBA213 /* Build configuration list for PBXNativeTarget "BusinessCheduleTest" */;
			buildPhases = (
				4A8C9B21B152C7B5799AA9D6 /* [CP] Check Pods Manifest.lock */,
				45675A6020892A8500BBA213 /* Sources */,
				45675A6120892A8500BBA213 /* Frameworks */,
				45675A6220892A8500BBA213 /* Resources */,
				1DB5DA6C8AAA4C3CE502C88E /* [CP] Embed Pods Frameworks */,
				9E9AF4692F3300087698C668 /* [CP] Copy Pods Resources */,
			);
			buildRules = (
			);
			dependencies = (
			);
			name = BusinessCheduleTest;
			productName = BusinessCheduleTest;
			productReference = 45675A6420892A8500BBA213 /* BusinessCheduleTest.app */;
			productType = "com.apple.product-type.application";
		};
/* End PBXNativeTarget section */

/* Begin PBXProject section */
		45675A5C20892A8400BBA213 /* Project object */ = {
			isa = PBXProject;
			attributes = {
				LastSwiftUpdateCheck = 0920;
				LastUpgradeCheck = 0920;
				ORGANIZATIONNAME = "Artem Alekseev";
				TargetAttributes = {
					45675A6320892A8500BBA213 = {
						CreatedOnToolsVersion = 9.2;
						ProvisioningStyle = Automatic;
					};
				};
			};
			buildConfigurationList = 45675A5F20892A8400BBA213 /* Build configuration list for PBXProject "BusinessCheduleTest" */;
			compatibilityVersion = "Xcode 8.0";
			developmentRegion = en;
			hasScannedForEncodings = 0;
			knownRegions = (
				en,
				Base,
			);
			mainGroup = 45675A5B20892A8400BBA213;
			productRefGroup = 45675A6520892A8500BBA213 /* Products */;
			projectDirPath = "";
			projectRoot = "";
			targets = (
				45675A6320892A8500BBA213 /* BusinessCheduleTest */,
			);
		};
/* End PBXProject section */

/* Begin PBXResourcesBuildPhase section */
		45675A6220892A8500BBA213 /* Resources */ = {
			isa = PBXResourcesBuildPhase;
			buildActionMask = 2147483647;
			files = (
				45675A7220892A8500BBA213 /* LaunchScreen.storyboard in Resources */,
				45675A6F20892A8500BBA213 /* Assets.xcassets in Resources */,
			);
			runOnlyForDeploymentPostprocessing = 0;
		};
/* End PBXResourcesBuildPhase section */

/* Begin PBXShellScriptBuildPhase section */
		1DB5DA6C8AAA4C3CE502C88E /* [CP] Embed Pods Frameworks */ = {
			isa = PBXShellScriptBuildPhase;
			buildActionMask = 2147483647;
			files = (
			);
			inputPaths = (
				"${SRCROOT}/Pods/Target Support Files/Pods-BusinessCheduleTest/Pods-BusinessCheduleTest-frameworks.sh",
				"${BUILT_PRODUCTS_DIR}/PureLayout/PureLayout.framework",
			);
			name = "[CP] Embed Pods Frameworks";
			outputPaths = (
				"${TARGET_BUILD_DIR}/${FRAMEWORKS_FOLDER_PATH}/PureLayout.framework",
			);
			runOnlyForDeploymentPostprocessing = 0;
			shellPath = /bin/sh;
			shellScript = "\"${SRCROOT}/Pods/Target Support Files/Pods-BusinessCheduleTest/Pods-BusinessCheduleTest-frameworks.sh\"\n";
			showEnvVarsInLog = 0;
		};
		4A8C9B21B152C7B5799AA9D6 /* [CP] Check Pods Manifest.lock */ = {
			isa = PBXShellScriptBuildPhase;
			buildActionMask = 2147483647;
			files = (
			);
			inputPaths = (
				"${PODS_PODFILE_DIR_PATH}/Podfile.lock",
				"${PODS_ROOT}/Manifest.lock",
			);
			name = "[CP] Check Pods Manifest.lock";
			outputPaths = (
				"$(DERIVED_FILE_DIR)/Pods-BusinessCheduleTest-checkManifestLockResult.txt",
			);
			runOnlyForDeploymentPostprocessing = 0;
			shellPath = /bin/sh;
			shellScript = "diff \"${PODS_PODFILE_DIR_PATH}/Podfile.lock\" \"${PODS_ROOT}/Manifest.lock\" > /dev/null\nif [ $? != 0 ] ; then\n    # print error to STDERR\n    echo \"error: The sandbox is not in sync with the Podfile.lock. Run 'pod install' or update your CocoaPods installation.\" >&2\n    exit 1\nfi\n# This output is used by Xcode 'outputs' to avoid re-running this script phase.\necho \"SUCCESS\" > \"${SCRIPT_OUTPUT_FILE_0}\"\n";
			showEnvVarsInLog = 0;
		};
		9E9AF4692F3300087698C668 /* [CP] Copy Pods Resources */ = {
			isa = PBXShellScriptBuildPhase;
			buildActionMask = 2147483647;
			files = (
			);
			inputPaths = (
			);
			name = "[CP] Copy Pods Resources";
			outputPaths = (
			);
			runOnlyForDeploymentPostprocessing = 0;
			shellPath = /bin/sh;
			shellScript = "\"${SRCROOT}/Pods/Target Support Files/Pods-BusinessCheduleTest/Pods-BusinessCheduleTest-resources.sh\"\n";
			showEnvVarsInLog = 0;
		};
/* End PBXShellScriptBuildPhase section */

/* Begin PBXSourcesBuildPhase section */
		45675A6020892A8500BBA213 /* Sources */ = {
			isa = PBXSourcesBuildPhase;
			buildActionMask = 2147483647;
			files = (
				45236765208A7AF400C5A9A8 /* InfoHeader.swift in Sources */,
				45675A6A20892A8500BBA213 /* BusinessScheduleViewController.swift in Sources */,
				45675A6820892A8500BBA213 /* AppDelegate.swift in Sources */,
			);
			runOnlyForDeploymentPostprocessing = 0;
		};
/* End PBXSourcesBuildPhase section */

/* Begin PBXVariantGroup section */
		45675A7020892A8500BBA213 /* LaunchScreen.storyboard */ = {
			isa = PBXVariantGroup;
			children = (
				45675A7120892A8500BBA213 /* Base */,
			);
			name = LaunchScreen.storyboard;
			sourceTree = "<group>";
		};
/* End PBXVariantGroup section */

/* Begin XCBuildConfiguration section */
		45675A7420892A8500BBA213 /* Debug */ = {
			isa = XCBuildConfiguration;
			buildSettings = {
				ALWAYS_SEARCH_USER_PATHS = NO;
				CLANG_ANALYZER_NONNULL = YES;
				CLANG_ANALYZER_NUMBER_OBJECT_CONVERSION = YES_AGGRESSIVE;
				CLANG_CXX_LANGUAGE_STANDARD = "gnu++14";
				CLANG_CXX_LIBRARY = "libc++";
				CLANG_ENABLE_MODULES = YES;
				CLANG_ENABLE_OBJC_ARC = YES;
				CLANG_WARN_BLOCK_CAPTURE_AUTORELEASING = YES;
				CLANG_WARN_BOOL_CONVERSION = YES;
				CLANG_WARN_COMMA = YES;
				CLANG_WARN_CONSTANT_CONVERSION = YES;
				CLANG_WARN_DIRECT_OBJC_ISA_USAGE = YES_ERROR;
				CLANG_WARN_DOCUMENTATION_COMMENTS = YES;
				CLANG_WARN_EMPTY_BODY = YES;
				CLANG_WARN_ENUM_CONVERSION = YES;
				CLANG_WARN_INFINITE_RECURSION = YES;
				CLANG_WARN_INT_CONVERSION = YES;
				CLANG_WARN_NON_LITERAL_NULL_CONVERSION = YES;
				CLANG_WARN_OBJC_LITERAL_CONVERSION = YES;
				CLANG_WARN_OBJC_ROOT_CLASS = YES_ERROR;
				CLANG_WARN_RANGE_LOOP_ANALYSIS = YES;
				CLANG_WARN_STRICT_PROTOTYPES = YES;
				CLANG_WARN_SUSPICIOUS_MOVE = YES;
				CLANG_WARN_UNGUARDED_AVAILABILITY = YES_AGGRESSIVE;
				CLANG_WARN_UNREACHABLE_CODE = YES;
				CLANG_WARN__DUPLICATE_METHOD_MATCH = YES;
				CODE_SIGN_IDENTITY = "iPhone Developer";
				COPY_PHASE_STRIP = NO;
				DEBUG_INFORMATION_FORMAT = dwarf;
				ENABLE_STRICT_OBJC_MSGSEND = YES;
				ENABLE_TESTABILITY = YES;
				GCC_C_LANGUAGE_STANDARD = gnu11;
				GCC_DYNAMIC_NO_PIC = NO;
				GCC_NO_COMMON_BLOCKS = YES;
				GCC_OPTIMIZATION_LEVEL = 0;
				GCC_PREPROCESSOR_DEFINITIONS = (
					"DEBUG=1",
					"$(inherited)",
				);
				GCC_WARN_64_TO_32_BIT_CONVERSION = YES;
				GCC_WARN_ABOUT_RETURN_TYPE = YES_ERROR;
				GCC_WARN_UNDECLARED_SELECTOR = YES;
				GCC_WARN_UNINITIALIZED_AUTOS = YES_AGGRESSIVE;
				GCC_WARN_UNUSED_FUNCTION = YES;
				GCC_WARN_UNUSED_VARIABLE = YES;
				IPHONEOS_DEPLOYMENT_TARGET = 11.2;
				MTL_ENABLE_DEBUG_INFO = YES;
				ONLY_ACTIVE_ARCH = YES;
				SDKROOT = iphoneos;
				SWIFT_ACTIVE_COMPILATION_CONDITIONS = DEBUG;
				SWIFT_OPTIMIZATION_LEVEL = "-Onone";
			};
			name = Debug;
		};
		45675A7520892A8500BBA213 /* Release */ = {
			isa = XCBuildConfiguration;
			buildSettings = {
				ALWAYS_SEARCH_USER_PATHS = NO;
				CLANG_ANALYZER_NONNULL = YES;
				CLANG_ANALYZER_NUMBER_OBJECT_CONVERSION = YES_AGGRESSIVE;
				CLANG_CXX_LANGUAGE_STANDARD = "gnu++14";
				CLANG_CXX_LIBRARY = "libc++";
				CLANG_ENABLE_MODULES = YES;
				CLANG_ENABLE_OBJC_ARC = YES;
				CLANG_WARN_BLOCK_CAPTURE_AUTORELEASING = YES;
				CLANG_WARN_BOOL_CONVERSION = YES;
				CLANG_WARN_COMMA = YES;
				CLANG_WARN_CONSTANT_CONVERSION = YES;
				CLANG_WARN_DIRECT_OBJC_ISA_USAGE = YES_ERROR;
				CLANG_WARN_DOCUMENTATION_COMMENTS = YES;
				CLANG_WARN_EMPTY_BODY = YES;
				CLANG_WARN_ENUM_CONVERSION = YES;
				CLANG_WARN_INFINITE_RECURSION = YES;
				CLANG_WARN_INT_CONVERSION = YES;
				CLANG_WARN_NON_LITERAL_NULL_CONVERSION = YES;
				CLANG_WARN_OBJC_LITERAL_CONVERSION = YES;
				CLANG_WARN_OBJC_ROOT_CLASS = YES_ERROR;
				CLANG_WARN_RANGE_LOOP_ANALYSIS = YES;
				CLANG_WARN_STRICT_PROTOTYPES = YES;
				CLANG_WARN_SUSPICIOUS_MOVE = YES;
				CLANG_WARN_UNGUARDED_AVAILABILITY = YES_AGGRESSIVE;
				CLANG_WARN_UNREACHABLE_CODE = YES;
				CLANG_WARN__DUPLICATE_METHOD_MATCH = YES;
				CODE_SIGN_IDENTITY = "iPhone Developer";
				COPY_PHASE_STRIP = NO;
				DEBUG_INFORMATION_FORMAT = "dwarf-with-dsym";
				ENABLE_NS_ASSERTIONS = NO;
				ENABLE_STRICT_OBJC_MSGSEND = YES;
				GCC_C_LANGUAGE_STANDARD = gnu11;
				GCC_NO_COMMON_BLOCKS = YES;
				GCC_WARN_64_TO_32_BIT_CONVERSION = YES;
				GCC_WARN_ABOUT_RETURN_TYPE = YES_ERROR;
				GCC_WARN_UNDECLARED_SELECTOR = YES;
				GCC_WARN_UNINITIALIZED_AUTOS = YES_AGGRESSIVE;
				GCC_WARN_UNUSED_FUNCTION = YES;
				GCC_WARN_UNUSED_VARIABLE = YES;
				IPHONEOS_DEPLOYMENT_TARGET = 11.2;
				MTL_ENABLE_DEBUG_INFO = NO;
				SDKROOT = iphoneos;
				SWIFT_OPTIMIZATION_LEVEL = "-Owholemodule";
				VALIDATE_PRODUCT = YES;
			};
			name = Release;
		};
		45675A7720892A8500BBA213 /* Debug */ = {
			isa = XCBuildConfiguration;
			baseConfigurationReference = 52D4CFAF01A09C46AC5E69F3 /* Pods-BusinessCheduleTest.debug.xcconfig */;
			buildSettings = {
				ASSETCATALOG_COMPILER_APPICON_NAME = AppIcon;
				CODE_SIGN_STYLE = Automatic;
				INFOPLIST_FILE = BusinessCheduleTest/Resources/Info.plist;
				LD_RUNPATH_SEARCH_PATHS = "$(inherited) @executable_path/Frameworks";
				PRODUCT_BUNDLE_IDENTIFIER = deadjay.BusinessCheduleTest;
				PRODUCT_NAME = "$(TARGET_NAME)";
				SWIFT_VERSION = 4.0;
				TARGETED_DEVICE_FAMILY = 1;
			};
			name = Debug;
		};
		45675A7820892A8500BBA213 /* Release */ = {
			isa = XCBuildConfiguration;
			baseConfigurationReference = 6E72D830C931E464F9C6BF0D /* Pods-BusinessCheduleTest.release.xcconfig */;
			buildSettings = {
				ASSETCATALOG_COMPILER_APPICON_NAME = AppIcon;
				CODE_SIGN_STYLE = Automatic;
				INFOPLIST_FILE = BusinessCheduleTest/Resources/Info.plist;
				LD_RUNPATH_SEARCH_PATHS = "$(inherited) @executable_path/Frameworks";
				PRODUCT_BUNDLE_IDENTIFIER = deadjay.BusinessCheduleTest;
				PRODUCT_NAME = "$(TARGET_NAME)";
				SWIFT_VERSION = 4.0;
				TARGETED_DEVICE_FAMILY = 1;
			};
			name = Release;
		};
/* End XCBuildConfiguration section */

/* Begin XCConfigurationList section */
		45675A5F20892A8400BBA213 /* Build configuration list for PBXProject "BusinessCheduleTest" */ = {
			isa = XCConfigurationList;
			buildConfigurations = (
				45675A7420892A8500BBA213 /* Debug */,
				45675A7520892A8500BBA213 /* Release */,
			);
			defaultConfigurationIsVisible = 0;
			defaultConfigurationName = Release;
		};
		45675A7620892A8500BBA213 /* Build configuration list for PBXNativeTarget "BusinessCheduleTest" */ = {
			isa = XCConfigurationList;
			buildConfigurations = (
				45675A7720892A8500BBA213 /* Debug */,
				45675A7820892A8500BBA213 /* Release */,
			);
			defaultConfigurationIsVisible = 0;
			defaultConfigurationName = Release;
		};
/* End XCConfigurationList section */
	};
	rootObject = 45675A5C20892A8400BBA213 /* Project object */;
}
